
Microsoft Visual Studio Solution File, Format Version 12.00
# Visual Studio Version 17
VisualStudioVersion = 17.0.31903.59
MinimumVisualStudioVersion = 10.0.40219.1
Project("{2150E333-8FDC-42A3-9474-1A3956D46DE8}") = "src", "src", "{827E0CD3-B72D-47B6-A68D-7590B98EB39B}"
EndProject
Project("{F2A71F9B-5D33-465A-A702-920D77279786}") = "DesignPattern", "src\DesignPattern\DesignPattern.fsproj", "{C55A2A2F-3462-40A8-B3D5-94073B2C5ABC}"
EndProject
Project("{2150E333-8FDC-42A3-9474-1A3956D46DE8}") = "tests", "tests", "{0AB3BF05-4346-4AA6-1389-037BE0695223}"
EndProject
Project("{F2A71F9B-5D33-465A-A702-920D77279786}") = "DesignPattern.Tests", "tests\DesignPattern.Tests\DesignPattern.Tests.fsproj", "{4C44BEB7-BA74-48AE-A29E-F38102AA34C7}"
EndProject
Global
	GlobalSection(SolutionConfigurationPlatforms) = preSolution
		Debug|Any CPU = Debug|Any CPU
		Debug|x64 = Debug|x64
		Debug|x86 = Debug|x86
		Release|Any CPU = Release|Any CPU
		Release|x64 = Release|x64
		Release|x86 = Release|x86
	EndGlobalSection
	GlobalSection(ProjectConfigurationPlatforms) = postSolution
		{C55A2A2F-3462-40A8-B3D5-94073B2C5ABC}.Debug|Any CPU.ActiveCfg = Debug|Any CPU
		{C55A2A2F-3462-40A8-B3D5-94073B2C5ABC}.Debug|Any CPU.Build.0 = Debug|Any CPU
		{C55A2A2F-3462-40A8-B3D5-94073B2C5ABC}.Debug|x64.ActiveCfg = Debug|Any CPU
		{C55A2A2F-3462-40A8-B3D5-94073B2C5ABC}.Debug|x64.Build.0 = Debug|Any CPU
		{C55A2A2F-3462-40A8-B3D5-94073B2C5ABC}.Debug|x86.ActiveCfg = Debug|Any CPU
		{C55A2A2F-3462-40A8-B3D5-94073B2C5ABC}.Debug|x86.Build.0 = Debug|Any CPU
		{C55A2A2F-3462-40A8-B3D5-94073B2C5ABC}.Release|Any CPU.ActiveCfg = Release|Any CPU
		{C55A2A2F-3462-40A8-B3D5-94073B2C5ABC}.Release|Any CPU.Build.0 = Release|Any CPU
		{C55A2A2F-3462-40A8-B3D5-94073B2C5ABC}.Release|x64.ActiveCfg = Release|Any CPU
		{C55A2A2F-3462-40A8-B3D5-94073B2C5ABC}.Release|x64.Build.0 = Release|Any CPU
		{C55A2A2F-3462-40A8-B3D5-94073B2C5ABC}.Release|x86.ActiveCfg = Release|Any CPU
		{C55A2A2F-3462-40A8-B3D5-94073B2C5ABC}.Release|x86.Build.0 = Release|Any CPU
		{4C44BEB7-BA74-48AE-A29E-F38102AA34C7}.Debug|Any CPU.ActiveCfg = Debug|Any CPU
		{4C44BEB7-BA74-48AE-A29E-F38102AA34C7}.Debug|Any CPU.Build.0 = Debug|Any CPU
		{4C44BEB7-BA74-48AE-A29E-F38102AA34C7}.Debug|x64.ActiveCfg = Debug|Any CPU
		{4C44BEB7-BA74-48AE-A29E-F38102AA34C7}.Debug|x64.Build.0 = Debug|Any CPU
		{4C44BEB7-BA74-48AE-A29E-F38102AA34C7}.Debug|x86.ActiveCfg = Debug|Any CPU
		{4C44BEB7-BA74-48AE-A29E-F38102AA34C7}.Debug|x86.Build.0 = Debug|Any CPU
		{4C44BEB7-BA74-48AE-A29E-F38102AA34C7}.Release|Any CPU.ActiveCfg = Release|Any CPU
		{4C44BEB7-BA74-48AE-A29E-F38102AA34C7}.Release|Any CPU.Build.0 = Release|Any CPU
		{4C44BEB7-BA74-48AE-A29E-F38102AA34C7}.Release|x64.ActiveCfg = Release|Any CPU
		{4C44BEB7-BA74-48AE-A29E-F38102AA34C7}.Release|x64.Build.0 = Release|Any CPU
		{4C44BEB7-BA74-48AE-A29E-F38102AA34C7}.Release|x86.ActiveCfg = Release|Any CPU
		{4C44BEB7-BA74-48AE-A29E-F38102AA34C7}.Release|x86.Build.0 = Release|Any CPU
	EndGlobalSection
	GlobalSection(SolutionProperties) = preSolution
		HideSolutionNode = FALSE
	EndGlobalSection
	GlobalSection(NestedProjects) = preSolution
		{C55A2A2F-3462-40A8-B3D5-94073B2C5ABC} = {827E0CD3-B72D-47B6-A68D-7590B98EB39B}
		{4C44BEB7-BA74-48AE-A29E-F38102AA34C7} = {0AB3BF05-4346-4AA6-1389-037BE0695223}
	EndGlobalSection
EndGlobal
